// !$*UTF8*$!
{
	archiveVersion = 1;
	classes = {
	};
	objectVersion = 46;
	objects = {

/* Begin PBXBuildFile section */
		2863A1451CA861FF009CB9DB /* AppDelegate.swift in Sources */ = {isa = PBXBuildFile; fileRef = 2863A1441CA861FF009CB9DB /* AppDelegate.swift */; };
		2863A1471CA861FF009CB9DB /* MasterViewController.swift in Sources */ = {isa = PBXBuildFile; fileRef = 2863A1461CA861FF009CB9DB /* MasterViewController.swift */; };
		2863A1491CA861FF009CB9DB /* DetailViewController.swift in Sources */ = {isa = PBXBuildFile; fileRef = 2863A1481CA861FF009CB9DB /* DetailViewController.swift */; };
		2863A14C1CA861FF009CB9DB /* Main.storyboard in Resources */ = {isa = PBXBuildFile; fileRef = 2863A14A1CA861FF009CB9DB /* Main.storyboard */; };
		2863A14E1CA861FF009CB9DB /* Assets.xcassets in Resources */ = {isa = PBXBuildFile; fileRef = 2863A14D1CA861FF009CB9DB /* Assets.xcassets */; };
		2863A1511CA861FF009CB9DB /* LaunchScreen.storyboard in Resources */ = {isa = PBXBuildFile; fileRef = 2863A14F1CA861FF009CB9DB /* LaunchScreen.storyboard */; };
		2863A1591CA866B1009CB9DB /* imdbServiceManager.swift in Sources */ = {isa = PBXBuildFile; fileRef = 2863A1581CA866B1009CB9DB /* imdbServiceManager.swift */; };
		2863A15B1CA8675E009CB9DB /* imdbEpisode.swift in Sources */ = {isa = PBXBuildFile; fileRef = 2863A15A1CA8675E009CB9DB /* imdbEpisode.swift */; };
		289AD7C31CA8D98D00198A12 /* imdbEpisodeDetails.swift in Sources */ = {isa = PBXBuildFile; fileRef = 289AD7C21CA8D98D00198A12 /* imdbEpisodeDetails.swift */; };
/* End PBXBuildFile section */

/* Begin PBXFileReference section */
		2863A1411CA861FF009CB9DB /* imbd.app */ = {isa = PBXFileReference; explicitFileType = wrapper.application; includeInIndex = 0; path = imbd.app; sourceTree = BUILT_PRODUCTS_DIR; };
		2863A1441CA861FF009CB9DB /* AppDelegate.swift */ = {isa = PBXFileReference; lastKnownFileType = sourcecode.swift; path = AppDelegate.swift; sourceTree = "<group>"; };
		2863A1461CA861FF009CB9DB /* MasterViewController.swift */ = {isa = PBXFileReference; lastKnownFileType = sourcecode.swift; path = MasterViewController.swift; sourceTree = "<group>"; };
		2863A1481CA861FF009CB9DB /* DetailViewController.swift */ = {isa = PBXFileReference; lastKnownFileType = sourcecode.swift; path = DetailViewController.swift; sourceTree = "<group>"; };
		2863A14B1CA861FF009CB9DB /* Base */ = {isa = PBXFileReference; lastKnownFileType = file.storyboard; name = Base; path = Base.lproj/Main.storyboard; sourceTree = "<group>"; };
		2863A14D1CA861FF009CB9DB /* Assets.xcassets */ = {isa = PBXFileReference; lastKnownFileType = folder.assetcatalog; path = Assets.xcassets; sourceTree = "<group>"; };
		2863A1501CA861FF009CB9DB /* Base */ = {isa = PBXFileReference; lastKnownFileType = file.storyboard; name = Base; path = Base.lproj/LaunchScreen.storyboard; sourceTree = "<group>"; };
		2863A1521CA861FF009CB9DB /* Info.plist */ = {isa = PBXFileReference; lastKnownFileType = text.plist.xml; path = Info.plist; sourceTree = "<group>"; };
		2863A1581CA866B1009CB9DB /* imdbServiceManager.swift */ = {isa = PBXFileReference; fileEncoding = 4; lastKnownFileType = sourcecode.swift; path = imdbServiceManager.swift; sourceTree = "<group>"; };
		2863A15A1CA8675E009CB9DB /* imdbEpisode.swift */ = {isa = PBXFileReference; fileEncoding = 4; lastKnownFileType = sourcecode.swift; path = imdbEpisode.swift; sourceTree = "<group>"; };
		289AD7C21CA8D98D00198A12 /* imdbEpisodeDetails.swift */ = {isa = PBXFileReference; fileEncoding = 4; lastKnownFileType = sourcecode.swift; path = imdbEpisodeDetails.swift; sourceTree = "<group>"; };
/* End PBXFileReference section */

/* Begin PBXFrameworksBuildPhase section */
		2863A13E1CA861FE009CB9DB /* Frameworks */ = {
			isa = PBXFrameworksBuildPhase;
			buildActionMask = 2147483647;
			files = (
			);
			runOnlyForDeploymentPostprocessing = 0;
		};
/* End PBXFrameworksBuildPhase section */

/* Begin PBXGroup section */
		2863A1381CA861FE009CB9DB = {
			isa = PBXGroup;
			children = (
				2863A1431CA861FF009CB9DB /* imbd */,
				2863A1421CA861FF009CB9DB /* Products */,
			);
			sourceTree = "<group>";
		};
		2863A1421CA861FF009CB9DB /* Products */ = {
			isa = PBXGroup;
			children = (
				2863A1411CA861FF009CB9DB /* imbd.app */,
			);
			name = Products;
			sourceTree = "<group>";
		};
		2863A1431CA861FF009CB9DB /* imbd */ = {
			isa = PBXGroup;
			children = (
				2863A1441CA861FF009CB9DB /* AppDelegate.swift */,
				2863A1581CA866B1009CB9DB /* imdbServiceManager.swift */,
				2863A15A1CA8675E009CB9DB /* imdbEpisode.swift */,
				289AD7C21CA8D98D00198A12 /* imdbEpisodeDetails.swift */,
				2863A1461CA861FF009CB9DB /* MasterViewController.swift */,
				2863A1481CA861FF009CB9DB /* DetailViewController.swift */,
				2863A14A1CA861FF009CB9DB /* Main.storyboard */,
				2863A14D1CA861FF009CB9DB /* Assets.xcassets */,
				2863A14F1CA861FF009CB9DB /* LaunchScreen.storyboard */,
				2863A1521CA861FF009CB9DB /* Info.plist */,
			);
			path = imbd;
			sourceTree = "<group>";
		};
/* End PBXGroup section */

/* Begin PBXNativeTarget section */
		2863A1401CA861FE009CB9DB /* imbd */ = {
			isa = PBXNativeTarget;
			buildConfigurationList = 2863A1551CA861FF009CB9DB /* Build configuration list for PBXNativeTarget "imbd" */;
			buildPhases = (
				2863A13D1CA861FE009CB9DB /* Sources */,
				2863A13E1CA861FE009CB9DB /* Frameworks */,
				2863A13F1CA861FE009CB9DB /* Resources */,
			);
			buildRules = (
			);
			dependencies = (
			);
			name = imbd;
			productName = imbd;
			productReference = 2863A1411CA861FF009CB9DB /* imbd.app */;
			productType = "com.apple.product-type.application";
		};
/* End PBXNativeTarget section */

/* Begin PBXProject section */
		2863A1391CA861FE009CB9DB /* Project object */ = {
			isa = PBXProject;
			attributes = {
				LastSwiftUpdateCheck = 0720;
				LastUpgradeCheck = 0720;
				TargetAttributes = {
					2863A1401CA861FE009CB9DB = {
						CreatedOnToolsVersion = 7.2.1;
					};
				};
			};
			buildConfigurationList = 2863A13C1CA861FE009CB9DB /* Build configuration list for PBXProject "imbd" */;
			compatibilityVersion = "Xcode 3.2";
			developmentRegion = English;
			hasScannedForEncodings = 0;
			knownRegions = (
				en,
				Base,
			);
			mainGroup = 2863A1381CA861FE009CB9DB;
			productRefGroup = 2863A1421CA861FF009CB9DB /* Products */;
			projectDirPath = "";
			projectRoot = "";
			targets = (
				2863A1401CA861FE009CB9DB /* imbd */,
			);
		};
/* End PBXProject section */

/* Begin PBXResourcesBuildPhase section */
		2863A13F1CA861FE009CB9DB /* Resources */ = {
			isa = PBXResourcesBuildPhase;
			buildActionMask = 2147483647;
			files = (
				2863A1511CA861FF009CB9DB /* LaunchScreen.storyboard in Resources */,
				2863A14E1CA861FF009CB9DB /* Assets.xcassets in Resources */,
				2863A14C1CA861FF009CB9DB /* Main.storyboard in Resources */,
			);
			runOnlyForDeploymentPostprocessing = 0;
		};
/* End PBXResourcesBuildPhase section */

/* Begin PBXSourcesBuildPhase section */
		2863A13D1CA861FE009CB9DB /* Sources */ = {
			isa = PBXSourcesBuildPhase;
			buildActionMask = 2147483647;
			files = (
				2863A1491CA861FF009CB9DB /* DetailViewController.swift in Sources */,
				2863A1471CA861FF009CB9DB /* MasterViewController.swift in Sources */,
				289AD7C31CA8D98D00198A12 /* imdbEpisodeDetails.swift in Sources */,
				2863A1451CA861FF009CB9DB /* AppDelegate.swift in Sources */,
				2863A1591CA866B1009CB9DB /* imdbServiceManager.swift in Sources */,
				2863A15B1CA8675E009CB9DB /* imdbEpisode.swift in Sources */,
			);
			runOnlyForDeploymentPostprocessing = 0;
		};
/* End PBXSourcesBuildPhase section */

/* Begin PBXVariantGroup section */
		2863A14A1CA861FF009CB9DB /* Main.storyboard */ = {
			isa = PBXVariantGroup;
			children = (
				2863A14B1CA861FF009CB9DB /* Base */,
			);
			name = Main.storyboard;
			sourceTree = "<group>";
		};
		2863A14F1CA861FF009CB9DB /* LaunchScreen.storyboard */ = {
			isa = PBXVariantGroup;
			children = (
				2863A1501CA861FF009CB9DB /* Base */,
			);
			name = LaunchScreen.storyboard;
			sourceTree = "<group>";
		};
/* End PBXVariantGroup section */

/* Begin XCBuildConfiguration section */
		2863A1531CA861FF009CB9DB /* Debug */ = {
			isa = XCBuildConfiguration;
			buildSettings = {
				ALWAYS_SEARCH_USER_PATHS = NO;
				CLANG_CXX_LANGUAGE_STANDARD = "gnu++0x";
				CLANG_CXX_LIBRARY = "libc++";
				CLANG_ENABLE_MODULES = YES;
				CLANG_ENABLE_OBJC_ARC = YES;
				CLANG_WARN_BOOL_CONVERSION = YES;
				CLANG_WARN_CONSTANT_CONVERSION = YES;
				CLANG_WARN_DIRECT_OBJC_ISA_USAGE = YES_ERROR;
				CLANG_WARN_EMPTY_BODY = YES;
				CLANG_WARN_ENUM_CONVERSION = YES;
				CLANG_WARN_INT_CONVERSION = YES;
				CLANG_WARN_OBJC_ROOT_CLASS = YES_ERROR;
				CLANG_WARN_UNREACHABLE_CODE = YES;
				CLANG_WARN__DUPLICATE_METHOD_MATCH = YES;
				"CODE_SIGN_IDENTITY[sdk=iphoneos*]" = "iPhone Developer";
				COPY_PHASE_STRIP = NO;
				DEBUG_INFORMATION_FORMAT = dwarf;
				ENABLE_STRICT_OBJC_MSGSEND = YES;
				ENABLE_TESTABILITY = YES;
				GCC_C_LANGUAGE_STANDARD = gnu99;
				GCC_DYNAMIC_NO_PIC = NO;
				GCC_NO_COMMON_BLOCKS = YES;
				GCC_OPTIMIZATION_LEVEL = 0;
				GCC_PREPROCESSOR_DEFINITIONS = (
					"DEBUG=1",
					"$(inherited)",
				);
				GCC_WARN_64_TO_32_BIT_CONVERSION = YES;
				GCC_WARN_ABOUT_RETURN_TYPE = YES_ERROR;
				GCC_WARN_UNDECLARED_SELECTOR = YES;
				GCC_WARN_UNINITIALIZED_AUTOS = YES_AGGRESSIVE;
				GCC_WARN_UNUSED_FUNCTION = YES;
				GCC_WARN_UNUSED_VARIABLE = YES;
				IPHONEOS_DEPLOYMENT_TARGET = 9.2;
				MTL_ENABLE_DEBUG_INFO = YES;
				ONLY_ACTIVE_ARCH = YES;
				SDKROOT = iphoneos;
				SWIFT_OPTIMIZATION_LEVEL = "-Onone";
				TARGETED_DEVICE_FAMILY = "1,2";
			};
			name = Debug;
		};
		2863A1541CA861FF009CB9DB /* Release */ = {
			isa = XCBuildConfiguration;
			buildSettings = {
				ALWAYS_SEARCH_USER_PATHS = NO;
				CLANG_CXX_LANGUAGE_STANDARD = "gnu++0x";
				CLANG_CXX_LIBRARY = "libc++";
				CLANG_ENABLE_MODULES = YES;
				CLANG_ENABLE_OBJC_ARC = YES;
				CLANG_WARN_BOOL_CONVERSION = YES;
				CLANG_WARN_CONSTANT_CONVERSION = YES;
				CLANG_WARN_DIRECT_OBJC_ISA_USAGE = YES_ERROR;
				CLANG_WARN_EMPTY_BODY = YES;
				CLANG_WARN_ENUM_CONVERSION = YES;
				CLANG_WARN_INT_CONVERSION = YES;
				CLANG_WARN_OBJC_ROOT_CLASS = YES_ERROR;
				CLANG_WARN_UNREACHABLE_CODE = YES;
				CLANG_WARN__DUPLICATE_METHOD_MATCH = YES;
				"CODE_SIGN_IDENTITY[sdk=iphoneos*]" = "iPhone Developer";
				COPY_PHASE_STRIP = NO;
				DEBUG_INFORMATION_FORMAT = "dwarf-with-dsym";
				ENABLE_NS_ASSERTIONS = NO;
				ENABLE_STRICT_OBJC_MSGSEND = YES;
				GCC_C_LANGUAGE_STANDARD = gnu99;
				GCC_NO_COMMON_BLOCKS = YES;
				GCC_WARN_64_TO_32_BIT_CONVERSION = YES;
				GCC_WARN_ABOUT_RETURN_TYPE = YES_ERROR;
				GCC_WARN_UNDECLARED_SELECTOR = YES;
				GCC_WARN_UNINITIALIZED_AUTOS = YES_AGGRESSIVE;
				GCC_WARN_UNUSED_FUNCTION = YES;
				GCC_WARN_UNUSED_VARIABLE = YES;
				IPHONEOS_DEPLOYMENT_TARGET = 9.2;
				MTL_ENABLE_DEBUG_INFO = NO;
				SDKROOT = iphoneos;
				TARGETED_DEVICE_FAMILY = "1,2";
				VALIDATE_PRODUCT = YES;
			};
			name = Release;
		};
		2863A1561CA861FF009CB9DB /* Debug */ = {
			isa = XCBuildConfiguration;
			buildSettings = {
				ASSETCATALOG_COMPILER_APPICON_NAME = AppIcon;
				INFOPLIST_FILE = imbd/Info.plist;
				LD_RUNPATH_SEARCH_PATHS = "$(inherited) @executable_path/Frameworks";
				PRODUCT_BUNDLE_IDENTIFIER = com.vinayak.imbd;
				PRODUCT_NAME = "$(TARGET_NAME)";
			};
			name = Debug;
		};
		2863A1571CA861FF009CB9DB /* Release */ = {
			isa = XCBuildConfiguration;
			buildSettings = {
				ASSETCATALOG_COMPILER_APPICON_NAME = AppIcon;
				INFOPLIST_FILE = imbd/Info.plist;
				LD_RUNPATH_SEARCH_PATHS = "$(inherited) @executable_path/Frameworks";
				PRODUCT_BUNDLE_IDENTIFIER = com.vinayak.imbd;
				PRODUCT_NAME = "$(TARGET_NAME)";
			};
			name = Release;
		};
/* End XCBuildConfiguration section */

/* Begin XCConfigurationList section */
		2863A13C1CA861FE009CB9DB /* Build configuration list for PBXProject "imbd" */ = {
			isa = XCConfigurationList;
			buildConfigurations = (
				2863A1531CA861FF009CB9DB /* Debug */,
				2863A1541CA861FF009CB9DB /* Release */,
			);
			defaultConfigurationIsVisible = 0;
			defaultConfigurationName = Release;
		};
		2863A1551CA861FF009CB9DB /* Build configuration list for PBXNativeTarget "imbd" */ = {
			isa = XCConfigurationList;
			buildConfigurations = (
				2863A1561CA861FF009CB9DB /* Debug */,
				2863A1571CA861FF009CB9DB /* Release */,
			);
			defaultConfigurationIsVisible = 0;
			defaultConfigurationName = Release;
		};
/* End XCConfigurationList section */
	};
	rootObject = 2863A1391CA861FE009CB9DB /* Project object */;
}
